
Microsoft Visual Studio Solution File, Format Version 12.00
# Visual Studio Version 16
VisualStudioVersion = 16.0.30804.86
MinimumVisualStudioVersion = 10.0.40219.1
Project("{FAE04EC0-301F-11D3-BF4B-00C04F79EFBC}") = "LSP", "LSP\LSP.csproj", "{9FD4EF80-E15B-4374-80F3-C534E7D8434B}"
EndProject
Global
	GlobalSection(SolutionConfigurationPlatforms) = preSolution
		Debug|Any CPU = Debug|Any CPU
		Release|Any CPU = Release|Any CPU
	EndGlobalSection
	GlobalSection(ProjectConfigurationPlatforms) = postSolution
		{9FD4EF80-E15B-4374-80F3-C534E7D8434B}.Debug|Any CPU.ActiveCfg = Debug|Any CPU
		{9FD4EF80-E15B-4374-80F3-C534E7D8434B}.Debug|Any CPU.Build.0 = Debug|Any CPU
		{9FD4EF80-E15B-4374-80F3-C534E7D8434B}.Release|Any CPU.ActiveCfg = Release|Any CPU
		{9FD4EF80-E15B-4374-80F3-C534E7D8434B}.Release|Any CPU.Build.0 = Release|Any CPU
	EndGlobalSection
	GlobalSection(SolutionProperties) = preSolution
		HideSolutionNode = FALSE
	EndGlobalSection
	GlobalSection(ExtensibilityGlobals) = postSolution
		SolutionGuid = {EA5A66AD-523C-475B-874F-745AEDB08EC3}
	EndGlobalSection
EndGlobal
